// !$*UTF8*$!
{
	archiveVersion = 1;
	classes = {
	};
	objectVersion = 56;
	objects = {

/* Begin PBXBuildFile section */
		3292E5772B4EAC820057E16D /* SwiftUILocationsApp.swift in Sources */ = {isa = PBXBuildFile; fileRef = 3292E5762B4EAC820057E16D /* SwiftUILocationsApp.swift */; };
		3292E5792B4EAC820057E16D /* ContentView.swift in Sources */ = {isa = PBXBuildFile; fileRef = 3292E5782B4EAC820057E16D /* ContentView.swift */; };
		3292E57B2B4EAC840057E16D /* Assets.xcassets in Resources */ = {isa = PBXBuildFile; fileRef = 3292E57A2B4EAC840057E16D /* Assets.xcassets */; };
		3292E57F2B4EAC840057E16D /* Preview Assets.xcassets in Resources */ = {isa = PBXBuildFile; fileRef = 3292E57E2B4EAC840057E16D /* Preview Assets.xcassets */; };
		3292E5892B4EAC840057E16D /* SwiftUILocationsTests.swift in Sources */ = {isa = PBXBuildFile; fileRef = 3292E5882B4EAC840057E16D /* SwiftUILocationsTests.swift */; };
		3292E5932B4EAC840057E16D /* SwiftUILocationsUITests.swift in Sources */ = {isa = PBXBuildFile; fileRef = 3292E5922B4EAC840057E16D /* SwiftUILocationsUITests.swift */; };
		3292E5952B4EAC840057E16D /* SwiftUILocationsUITestsLaunchTests.swift in Sources */ = {isa = PBXBuildFile; fileRef = 3292E5942B4EAC840057E16D /* SwiftUILocationsUITestsLaunchTests.swift */; };
/* End PBXBuildFile section */

/* Begin PBXContainerItemProxy section */
		3292E5852B4EAC840057E16D /* PBXContainerItemProxy */ = {
			isa = PBXContainerItemProxy;
			containerPortal = 3292E56B2B4EAC820057E16D /* Project object */;
			proxyType = 1;
			remoteGlobalIDString = 3292E5722B4EAC820057E16D;
			remoteInfo = SwiftUILocations;
		};
		3292E58F2B4EAC840057E16D /* PBXContainerItemProxy */ = {
			isa = PBXContainerItemProxy;
			containerPortal = 3292E56B2B4EAC820057E16D /* Project object */;
			proxyType = 1;
			remoteGlobalIDString = 3292E5722B4EAC820057E16D;
			remoteInfo = SwiftUILocations;
		};
/* End PBXContainerItemProxy section */

/* Begin PBXFileReference section */
		3292E5732B4EAC820057E16D /* SwiftUILocations.app */ = {isa = PBXFileReference; explicitFileType = wrapper.application; includeInIndex = 0; path = SwiftUILocations.app; sourceTree = BUILT_PRODUCTS_DIR; };
		3292E5762B4EAC820057E16D /* SwiftUILocationsApp.swift */ = {isa = PBXFileReference; lastKnownFileType = sourcecode.swift; path = SwiftUILocationsApp.swift; sourceTree = "<group>"; };
		3292E5782B4EAC820057E16D /* ContentView.swift */ = {isa = PBXFileReference; lastKnownFileType = sourcecode.swift; path = ContentView.swift; sourceTree = "<group>"; };
		3292E57A2B4EAC840057E16D /* Assets.xcassets */ = {isa = PBXFileReference; lastKnownFileType = folder.assetcatalog; path = Assets.xcassets; sourceTree = "<group>"; };
		3292E57C2B4EAC840057E16D /* SwiftUILocations.entitlements */ = {isa = PBXFileReference; lastKnownFileType = text.plist.entitlements; path = SwiftUILocations.entitlements; sourceTree = "<group>"; };
		3292E57E2B4EAC840057E16D /* Preview Assets.xcassets */ = {isa = PBXFileReference; lastKnownFileType = folder.assetcatalog; path = "Preview Assets.xcassets"; sourceTree = "<group>"; };
		3292E5842B4EAC840057E16D /* SwiftUILocationsTests.xctest */ = {isa = PBXFileReference; explicitFileType = wrapper.cfbundle; includeInIndex = 0; path = SwiftUILocationsTests.xctest; sourceTree = BUILT_PRODUCTS_DIR; };
		3292E5882B4EAC840057E16D /* SwiftUILocationsTests.swift */ = {isa = PBXFileReference; lastKnownFileType = sourcecode.swift; path = SwiftUILocationsTests.swift; sourceTree = "<group>"; };
		3292E58E2B4EAC840057E16D /* SwiftUILocationsUITests.xctest */ = {isa = PBXFileReference; explicitFileType = wrapper.cfbundle; includeInIndex = 0; path = SwiftUILocationsUITests.xctest; sourceTree = BUILT_PRODUCTS_DIR; };
		3292E5922B4EAC840057E16D /* SwiftUILocationsUITests.swift */ = {isa = PBXFileReference; lastKnownFileType = sourcecode.swift; path = SwiftUILocationsUITests.swift; sourceTree = "<group>"; };
		3292E5942B4EAC840057E16D /* SwiftUILocationsUITestsLaunchTests.swift */ = {isa = PBXFileReference; lastKnownFileType = sourcecode.swift; path = SwiftUILocationsUITestsLaunchTests.swift; sourceTree = "<group>"; };
/* End PBXFileReference section */

/* Begin PBXFrameworksBuildPhase section */
		3292E5702B4EAC820057E16D /* Frameworks */ = {
			isa = PBXFrameworksBuildPhase;
			buildActionMask = 2147483647;
			files = (
			);
			runOnlyForDeploymentPostprocessing = 0;
		};
		3292E5812B4EAC840057E16D /* Frameworks */ = {
			isa = PBXFrameworksBuildPhase;
			buildActionMask = 2147483647;
			files = (
			);
			runOnlyForDeploymentPostprocessing = 0;
		};
		3292E58B2B4EAC840057E16D /* Frameworks */ = {
			isa = PBXFrameworksBuildPhase;
			buildActionMask = 2147483647;
			files = (
			);
			runOnlyForDeploymentPostprocessing = 0;
		};
/* End PBXFrameworksBuildPhase section */

/* Begin PBXGroup section */
		3292E56A2B4EAC820057E16D = {
			isa = PBXGroup;
			children = (
				3292E5752B4EAC820057E16D /* SwiftUILocations */,
				3292E5872B4EAC840057E16D /* SwiftUILocationsTests */,
				3292E5912B4EAC840057E16D /* SwiftUILocationsUITests */,
				3292E5742B4EAC820057E16D /* Products */,
			);
			sourceTree = "<group>";
		};
		3292E5742B4EAC820057E16D /* Products */ = {
			isa = PBXGroup;
			children = (
				3292E5732B4EAC820057E16D /* SwiftUILocations.app */,
				3292E5842B4EAC840057E16D /* SwiftUILocationsTests.xctest */,
				3292E58E2B4EAC840057E16D /* SwiftUILocationsUITests.xctest */,
			);
			name = Products;
			sourceTree = "<group>";
		};
		3292E5752B4EAC820057E16D /* SwiftUILocations */ = {
			isa = PBXGroup;
			children = (
				3292E5762B4EAC820057E16D /* SwiftUILocationsApp.swift */,
				3292E5782B4EAC820057E16D /* ContentView.swift */,
				3292E57A2B4EAC840057E16D /* Assets.xcassets */,
				3292E57C2B4EAC840057E16D /* SwiftUILocations.entitlements */,
				3292E57D2B4EAC840057E16D /* Preview Content */,
			);
			path = SwiftUILocations;
			sourceTree = "<group>";
		};
		3292E57D2B4EAC840057E16D /* Preview Content */ = {
			isa = PBXGroup;
			children = (
				3292E57E2B4EAC840057E16D /* Preview Assets.xcassets */,
			);
			path = "Preview Content";
			sourceTree = "<group>";
		};
		3292E5872B4EAC840057E16D /* SwiftUILocationsTests */ = {
			isa = PBXGroup;
			children = (
				3292E5882B4EAC840057E16D /* SwiftUILocationsTests.swift */,
			);
			path = SwiftUILocationsTests;
			sourceTree = "<group>";
		};
		3292E5912B4EAC840057E16D /* SwiftUILocationsUITests */ = {
			isa = PBXGroup;
			children = (
				3292E5922B4EAC840057E16D /* SwiftUILocationsUITests.swift */,
				3292E5942B4EAC840057E16D /* SwiftUILocationsUITestsLaunchTests.swift */,
			);
			path = SwiftUILocationsUITests;
			sourceTree = "<group>";
		};
/* End PBXGroup section */

/* Begin PBXNativeTarget section */
		3292E5722B4EAC820057E16D /* SwiftUILocations */ = {
			isa = PBXNativeTarget;
			buildConfigurationList = 3292E5982B4EAC840057E16D /* Build configuration list for PBXNativeTarget "SwiftUILocations" */;
			buildPhases = (
				3292E56F2B4EAC820057E16D /* Sources */,
				3292E5702B4EAC820057E16D /* Frameworks */,
				3292E5712B4EAC820057E16D /* Resources */,
			);
			buildRules = (
			);
			dependencies = (
			);
			name = SwiftUILocations;
			productName = SwiftUILocations;
			productReference = 3292E5732B4EAC820057E16D /* SwiftUILocations.app */;
			productType = "com.apple.product-type.application";
		};
		3292E5832B4EAC840057E16D /* SwiftUILocationsTests */ = {
			isa = PBXNativeTarget;
			buildConfigurationList = 3292E59B2B4EAC840057E16D /* Build configuration list for PBXNativeTarget "SwiftUILocationsTests" */;
			buildPhases = (
				3292E5802B4EAC840057E16D /* Sources */,
				3292E5812B4EAC840057E16D /* Frameworks */,
				3292E5822B4EAC840057E16D /* Resources */,
			);
			buildRules = (
			);
			dependencies = (
				3292E5862B4EAC840057E16D /* PBXTargetDependency */,
			);
			name = SwiftUILocationsTests;
			productName = SwiftUILocationsTests;
			productReference = 3292E5842B4EAC840057E16D /* SwiftUILocationsTests.xctest */;
			productType = "com.apple.product-type.bundle.unit-test";
		};
		3292E58D2B4EAC840057E16D /* SwiftUILocationsUITests */ = {
			isa = PBXNativeTarget;
			buildConfigurationList = 3292E59E2B4EAC840057E16D /* Build configuration list for PBXNativeTarget "SwiftUILocationsUITests" */;
			buildPhases = (
				3292E58A2B4EAC840057E16D /* Sources */,
				3292E58B2B4EAC840057E16D /* Frameworks */,
				3292E58C2B4EAC840057E16D /* Resources */,
			);
			buildRules = (
			);
			dependencies = (
				3292E5902B4EAC840057E16D /* PBXTargetDependency */,
			);
			name = SwiftUILocationsUITests;
			productName = SwiftUILocationsUITests;
			productReference = 3292E58E2B4EAC840057E16D /* SwiftUILocationsUITests.xctest */;
			productType = "com.apple.product-type.bundle.ui-testing";
		};
/* End PBXNativeTarget section */

/* Begin PBXProject section */
		3292E56B2B4EAC820057E16D /* Project object */ = {
			isa = PBXProject;
			attributes = {
				BuildIndependentTargetsInParallel = 1;
				LastSwiftUpdateCheck = 1520;
				LastUpgradeCheck = 1520;
				TargetAttributes = {
					3292E5722B4EAC820057E16D = {
						CreatedOnToolsVersion = 15.2;
					};
					3292E5832B4EAC840057E16D = {
						CreatedOnToolsVersion = 15.2;
						TestTargetID = 3292E5722B4EAC820057E16D;
					};
					3292E58D2B4EAC840057E16D = {
						CreatedOnToolsVersion = 15.2;
						TestTargetID = 3292E5722B4EAC820057E16D;
					};
				};
			};
			buildConfigurationList = 3292E56E2B4EAC820057E16D /* Build configuration list for PBXProject "SwiftUILocations" */;
			compatibilityVersion = "Xcode 14.0";
			developmentRegion = en;
			hasScannedForEncodings = 0;
			knownRegions = (
				en,
				Base,
			);
			mainGroup = 3292E56A2B4EAC820057E16D;
			productRefGroup = 3292E5742B4EAC820057E16D /* Products */;
			projectDirPath = "";
			projectRoot = "";
			targets = (
				3292E5722B4EAC820057E16D /* SwiftUILocations */,
				3292E5832B4EAC840057E16D /* SwiftUILocationsTests */,
				3292E58D2B4EAC840057E16D /* SwiftUILocationsUITests */,
			);
		};
/* End PBXProject section */

/* Begin PBXResourcesBuildPhase section */
		3292E5712B4EAC820057E16D /* Resources */ = {
			isa = PBXResourcesBuildPhase;
			buildActionMask = 2147483647;
			files = (
				3292E57F2B4EAC840057E16D /* Preview Assets.xcassets in Resources */,
				3292E57B2B4EAC840057E16D /* Assets.xcassets in Resources */,
			);
			runOnlyForDeploymentPostprocessing = 0;
		};
		3292E5822B4EAC840057E16D /* Resources */ = {
			isa = PBXResourcesBuildPhase;
			buildActionMask = 2147483647;
			files = (
			);
			runOnlyForDeploymentPostprocessing = 0;
		};
		3292E58C2B4EAC840057E16D /* Resources */ = {
			isa = PBXResourcesBuildPhase;
			buildActionMask = 2147483647;
			files = (
			);
			runOnlyForDeploymentPostprocessing = 0;
		};
/* End PBXResourcesBuildPhase section */

/* Begin PBXSourcesBuildPhase section */
		3292E56F2B4EAC820057E16D /* Sources */ = {
			isa = PBXSourcesBuildPhase;
			buildActionMask = 2147483647;
			files = (
				3292E5792B4EAC820057E16D /* ContentView.swift in Sources */,
				3292E5772B4EAC820057E16D /* SwiftUILocationsApp.swift in Sources */,
			);
			runOnlyForDeploymentPostprocessing = 0;
		};
		3292E5802B4EAC840057E16D /* Sources */ = {
			isa = PBXSourcesBuildPhase;
			buildActionMask = 2147483647;
			files = (
				3292E5892B4EAC840057E16D /* SwiftUILocationsTests.swift in Sources */,
			);
			runOnlyForDeploymentPostprocessing = 0;
		};
		3292E58A2B4EAC840057E16D /* Sources */ = {
			isa = PBXSourcesBuildPhase;
			buildActionMask = 2147483647;
			files = (
				3292E5932B4EAC840057E16D /* SwiftUILocationsUITests.swift in Sources */,
				3292E5952B4EAC840057E16D /* SwiftUILocationsUITestsLaunchTests.swift in Sources */,
			);
			runOnlyForDeploymentPostprocessing = 0;
		};
/* End PBXSourcesBuildPhase section */

/* Begin PBXTargetDependency section */
		3292E5862B4EAC840057E16D /* PBXTargetDependency */ = {
			isa = PBXTargetDependency;
			target = 3292E5722B4EAC820057E16D /* SwiftUILocations */;
			targetProxy = 3292E5852B4EAC840057E16D /* PBXContainerItemProxy */;
		};
		3292E5902B4EAC840057E16D /* PBXTargetDependency */ = {
			isa = PBXTargetDependency;
			target = 3292E5722B4EAC820057E16D /* SwiftUILocations */;
			targetProxy = 3292E58F2B4EAC840057E16D /* PBXContainerItemProxy */;
		};
/* End PBXTargetDependency section */

/* Begin XCBuildConfiguration section */
		3292E5962B4EAC840057E16D /* Debug */ = {
			isa = XCBuildConfiguration;
			buildSettings = {
				ALWAYS_SEARCH_USER_PATHS = NO;
				ASSETCATALOG_COMPILER_GENERATE_SWIFT_ASSET_SYMBOL_EXTENSIONS = YES;
				CLANG_ANALYZER_NONNULL = YES;
				CLANG_ANALYZER_NUMBER_OBJECT_CONVERSION = YES_AGGRESSIVE;
				CLANG_CXX_LANGUAGE_STANDARD = "gnu++20";
				CLANG_ENABLE_MODULES = YES;
				CLANG_ENABLE_OBJC_ARC = YES;
				CLANG_ENABLE_OBJC_WEAK = YES;
				CLANG_WARN_BLOCK_CAPTURE_AUTORELEASING = YES;
				CLANG_WARN_BOOL_CONVERSION = YES;
				CLANG_WARN_COMMA = YES;
				CLANG_WARN_CONSTANT_CONVERSION = YES;
				CLANG_WARN_DEPRECATED_OBJC_IMPLEMENTATIONS = YES;
				CLANG_WARN_DIRECT_OBJC_ISA_USAGE = YES_ERROR;
				CLANG_WARN_DOCUMENTATION_COMMENTS = YES;
				CLANG_WARN_EMPTY_BODY = YES;
				CLANG_WARN_ENUM_CONVERSION = YES;
				CLANG_WARN_INFINITE_RECURSION = YES;
				CLANG_WARN_INT_CONVERSION = YES;
				CLANG_WARN_NON_LITERAL_NULL_CONVERSION = YES;
				CLANG_WARN_OBJC_IMPLICIT_RETAIN_SELF = YES;
				CLANG_WARN_OBJC_LITERAL_CONVERSION = YES;
				CLANG_WARN_OBJC_ROOT_CLASS = YES_ERROR;
				CLANG_WARN_QUOTED_INCLUDE_IN_FRAMEWORK_HEADER = YES;
				CLANG_WARN_RANGE_LOOP_ANALYSIS = YES;
				CLANG_WARN_STRICT_PROTOTYPES = YES;
				CLANG_WARN_SUSPICIOUS_MOVE = YES;
				CLANG_WARN_UNGUARDED_AVAILABILITY = YES_AGGRESSIVE;
				CLANG_WARN_UNREACHABLE_CODE = YES;
				CLANG_WARN__DUPLICATE_METHOD_MATCH = YES;
				COPY_PHASE_STRIP = NO;
				DEBUG_INFORMATION_FORMAT = dwarf;
				ENABLE_STRICT_OBJC_MSGSEND = YES;
				ENABLE_TESTABILITY = YES;
				ENABLE_USER_SCRIPT_SANDBOXING = YES;
				GCC_C_LANGUAGE_STANDARD = gnu17;
				GCC_DYNAMIC_NO_PIC = NO;
				GCC_NO_COMMON_BLOCKS = YES;
				GCC_OPTIMIZATION_LEVEL = 0;
				GCC_PREPROCESSOR_DEFINITIONS = (
					"DEBUG=1",
					"$(inherited)",
				);
				GCC_WARN_64_TO_32_BIT_CONVERSION = YES;
				GCC_WARN_ABOUT_RETURN_TYPE = YES_ERROR;
				GCC_WARN_UNDECLARED_SELECTOR = YES;
				GCC_WARN_UNINITIALIZED_AUTOS = YES_AGGRESSIVE;
				GCC_WARN_UNUSED_FUNCTION = YES;
				GCC_WARN_UNUSED_VARIABLE = YES;
				LOCALIZATION_PREFERS_STRING_CATALOGS = YES;
				MTL_ENABLE_DEBUG_INFO = INCLUDE_SOURCE;
				MTL_FAST_MATH = YES;
				ONLY_ACTIVE_ARCH = YES;
				SWIFT_ACTIVE_COMPILATION_CONDITIONS = "DEBUG $(inherited)";
				SWIFT_OPTIMIZATION_LEVEL = "-Onone";
			};
			name = Debug;
		};
		3292E5972B4EAC840057E16D /* Release */ = {
			isa = XCBuildConfiguration;
			buildSettings = {
				ALWAYS_SEARCH_USER_PATHS = NO;
				ASSETCATALOG_COMPILER_GENERATE_SWIFT_ASSET_SYMBOL_EXTENSIONS = YES;
				CLANG_ANALYZER_NONNULL = YES;
				CLANG_ANALYZER_NUMBER_OBJECT_CONVERSION = YES_AGGRESSIVE;
				CLANG_CXX_LANGUAGE_STANDARD = "gnu++20";
				CLANG_ENABLE_MODULES = YES;
				CLANG_ENABLE_OBJC_ARC = YES;
				CLANG_ENABLE_OBJC_WEAK = YES;
				CLANG_WARN_BLOCK_CAPTURE_AUTORELEASING = YES;
				CLANG_WARN_BOOL_CONVERSION = YES;
				CLANG_WARN_COMMA = YES;
				CLANG_WARN_CONSTANT_CONVERSION = YES;
				CLANG_WARN_DEPRECATED_OBJC_IMPLEMENTATIONS = YES;
				CLANG_WARN_DIRECT_OBJC_ISA_USAGE = YES_ERROR;
				CLANG_WARN_DOCUMENTATION_COMMENTS = YES;
				CLANG_WARN_EMPTY_BODY = YES;
				CLANG_WARN_ENUM_CONVERSION = YES;
				CLANG_WARN_INFINITE_RECURSION = YES;
				CLANG_WARN_INT_CONVERSION = YES;
				CLANG_WARN_NON_LITERAL_NULL_CONVERSION = YES;
				CLANG_WARN_OBJC_IMPLICIT_RETAIN_SELF = YES;
				CLANG_WARN_OBJC_LITERAL_CONVERSION = YES;
				CLANG_WARN_OBJC_ROOT_CLASS = YES_ERROR;
				CLANG_WARN_QUOTED_INCLUDE_IN_FRAMEWORK_HEADER = YES;
				CLANG_WARN_RANGE_LOOP_ANALYSIS = YES;
				CLANG_WARN_STRICT_PROTOTYPES = YES;
				CLANG_WARN_SUSPICIOUS_MOVE = YES;
				CLANG_WARN_UNGUARDED_AVAILABILITY = YES_AGGRESSIVE;
				CLANG_WARN_UNREACHABLE_CODE = YES;
				CLANG_WARN__DUPLICATE_METHOD_MATCH = YES;
				COPY_PHASE_STRIP = NO;
				DEBUG_INFORMATION_FORMAT = "dwarf-with-dsym";
				ENABLE_NS_ASSERTIONS = NO;
				ENABLE_STRICT_OBJC_MSGSEND = YES;
				ENABLE_USER_SCRIPT_SANDBOXING = YES;
				GCC_C_LANGUAGE_STANDARD = gnu17;
				GCC_NO_COMMON_BLOCKS = YES;
				GCC_WARN_64_TO_32_BIT_CONVERSION = YES;
				GCC_WARN_ABOUT_RETURN_TYPE = YES_ERROR;
				GCC_WARN_UNDECLARED_SELECTOR = YES;
				GCC_WARN_UNINITIALIZED_AUTOS = YES_AGGRESSIVE;
				GCC_WARN_UNUSED_FUNCTION = YES;
				GCC_WARN_UNUSED_VARIABLE = YES;
				LOCALIZATION_PREFERS_STRING_CATALOGS = YES;
				MTL_ENABLE_DEBUG_INFO = NO;
				MTL_FAST_MATH = YES;
				SWIFT_COMPILATION_MODE = wholemodule;
			};
			name = Release;
		};
		3292E5992B4EAC840057E16D /* Debug */ = {
			isa = XCBuildConfiguration;
			buildSettings = {
				ASSETCATALOG_COMPILER_APPICON_NAME = AppIcon;
				ASSETCATALOG_COMPILER_GLOBAL_ACCENT_COLOR_NAME = AccentColor;
				CODE_SIGN_ENTITLEMENTS = SwiftUILocations/SwiftUILocations.entitlements;
				CODE_SIGN_STYLE = Automatic;
				CURRENT_PROJECT_VERSION = 1;
				DEVELOPMENT_ASSET_PATHS = "\"SwiftUILocations/Preview Content\"";
				DEVELOPMENT_TEAM = 7S5KXF68WA;
				ENABLE_HARDENED_RUNTIME = YES;
				ENABLE_PREVIEWS = YES;
				GENERATE_INFOPLIST_FILE = YES;
				"INFOPLIST_KEY_UIApplicationSceneManifest_Generation[sdk=iphoneos*]" = YES;
				"INFOPLIST_KEY_UIApplicationSceneManifest_Generation[sdk=iphonesimulator*]" = YES;
				"INFOPLIST_KEY_UIApplicationSupportsIndirectInputEvents[sdk=iphoneos*]" = YES;
				"INFOPLIST_KEY_UIApplicationSupportsIndirectInputEvents[sdk=iphonesimulator*]" = YES;
				"INFOPLIST_KEY_UILaunchScreen_Generation[sdk=iphoneos*]" = YES;
				"INFOPLIST_KEY_UILaunchScreen_Generation[sdk=iphonesimulator*]" = YES;
				"INFOPLIST_KEY_UIStatusBarStyle[sdk=iphoneos*]" = UIStatusBarStyleDefault;
				"INFOPLIST_KEY_UIStatusBarStyle[sdk=iphonesimulator*]" = UIStatusBarStyleDefault;
				INFOPLIST_KEY_UISupportedInterfaceOrientations_iPad = "UIInterfaceOrientationPortrait UIInterfaceOrientationPortraitUpsideDown UIInterfaceOrientationLandscapeLeft UIInterfaceOrientationLandscapeRight";
				INFOPLIST_KEY_UISupportedInterfaceOrientations_iPhone = "UIInterfaceOrientationPortrait UIInterfaceOrientationLandscapeLeft UIInterfaceOrientationLandscapeRight";
				IPHONEOS_DEPLOYMENT_TARGET = 17.2;
				LD_RUNPATH_SEARCH_PATHS = "@executable_path/Frameworks";
				"LD_RUNPATH_SEARCH_PATHS[sdk=macosx*]" = "@executable_path/../Frameworks";
				MACOSX_DEPLOYMENT_TARGET = 14.1;
				MARKETING_VERSION = 1.0;
				PRODUCT_BUNDLE_IDENTIFIER = archi.ios.SwiftUILocations;
				PRODUCT_NAME = "$(TARGET_NAME)";
				SDKROOT = auto;
				SUPPORTED_PLATFORMS = "iphoneos iphonesimulator macosx";
				SWIFT_EMIT_LOC_STRINGS = YES;
				SWIFT_VERSION = 5.0;
				TARGETED_DEVICE_FAMILY = "1,2";
			};
			name = Debug;
		};
		3292E59A2B4EAC840057E16D /* Release */ = {
			isa = XCBuildConfiguration;
			buildSettings = {
				ASSETCATALOG_COMPILER_APPICON_NAME = AppIcon;
				ASSETCATALOG_COMPILER_GLOBAL_ACCENT_COLOR_NAME = AccentColor;
				CODE_SIGN_ENTITLEMENTS = SwiftUILocations/SwiftUILocations.entitlements;
				CODE_SIGN_STYLE = Automatic;
				CURRENT_PROJECT_VERSION = 1;
				DEVELOPMENT_ASSET_PATHS = "\"SwiftUILocations/Preview Content\"";
				DEVELOPMENT_TEAM = 7S5KXF68WA;
				ENABLE_HARDENED_RUNTIME = YES;
				ENABLE_PREVIEWS = YES;
				GENERATE_INFOPLIST_FILE = YES;
				"INFOPLIST_KEY_UIApplicationSceneManifest_Generation[sdk=iphoneos*]" = YES;
				"INFOPLIST_KEY_UIApplicationSceneManifest_Generation[sdk=iphonesimulator*]" = YES;
				"INFOPLIST_KEY_UIApplicationSupportsIndirectInputEvents[sdk=iphoneos*]" = YES;
				"INFOPLIST_KEY_UIApplicationSupportsIndirectInputEvents[sdk=iphonesimulator*]" = YES;
				"INFOPLIST_KEY_UILaunchScreen_Generation[sdk=iphoneos*]" = YES;
				"INFOPLIST_KEY_UILaunchScreen_Generation[sdk=iphonesimulator*]" = YES;
				"INFOPLIST_KEY_UIStatusBarStyle[sdk=iphoneos*]" = UIStatusBarStyleDefault;
				"INFOPLIST_KEY_UIStatusBarStyle[sdk=iphonesimulator*]" = UIStatusBarStyleDefault;
				INFOPLIST_KEY_UISupportedInterfaceOrientations_iPad = "UIInterfaceOrientationPortrait UIInterfaceOrientationPortraitUpsideDown UIInterfaceOrientationLandscapeLeft UIInterfaceOrientationLandscapeRight";
				INFOPLIST_KEY_UISupportedInterfaceOrientations_iPhone = "UIInterfaceOrientationPortrait UIInterfaceOrientationLandscapeLeft UIInterfaceOrientationLandscapeRight";
				IPHONEOS_DEPLOYMENT_TARGET = 17.2;
				LD_RUNPATH_SEARCH_PATHS = "@executable_path/Frameworks";
				"LD_RUNPATH_SEARCH_PATHS[sdk=macosx*]" = "@executable_path/../Frameworks";
				MACOSX_DEPLOYMENT_TARGET = 14.1;
				MARKETING_VERSION = 1.0;
				PRODUCT_BUNDLE_IDENTIFIER = archi.ios.SwiftUILocations;
				PRODUCT_NAME = "$(TARGET_NAME)";
				SDKROOT = auto;
				SUPPORTED_PLATFORMS = "iphoneos iphonesimulator macosx";
				SWIFT_EMIT_LOC_STRINGS = YES;
				SWIFT_VERSION = 5.0;
				TARGETED_DEVICE_FAMILY = "1,2";
			};
			name = Release;
		};
		3292E59C2B4EAC840057E16D /* Debug */ = {
			isa = XCBuildConfiguration;
			buildSettings = {
				ALWAYS_EMBED_SWIFT_STANDARD_LIBRARIES = YES;
				BUNDLE_LOADER = "$(TEST_HOST)";
				CODE_SIGN_STYLE = Automatic;
				CURRENT_PROJECT_VERSION = 1;
				DEVELOPMENT_TEAM = 7S5KXF68WA;
				GENERATE_INFOPLIST_FILE = YES;
				IPHONEOS_DEPLOYMENT_TARGET = 17.2;
				MACOSX_DEPLOYMENT_TARGET = 14.1;
				MARKETING_VERSION = 1.0;
				PRODUCT_BUNDLE_IDENTIFIER = archi.ios.SwiftUILocationsTests;
				PRODUCT_NAME = "$(TARGET_NAME)";
				SDKROOT = auto;
				SUPPORTED_PLATFORMS = "iphoneos iphonesimulator macosx";
				SWIFT_EMIT_LOC_STRINGS = NO;
				SWIFT_VERSION = 5.0;
				TARGETED_DEVICE_FAMILY = "1,2";
				TEST_HOST = "$(BUILT_PRODUCTS_DIR)/SwiftUILocations.app/$(BUNDLE_EXECUTABLE_FOLDER_PATH)/SwiftUILocations";
			};
			name = Debug;
		};
		3292E59D2B4EAC840057E16D /* Release */ = {
			isa = XCBuildConfiguration;
			buildSettings = {
				ALWAYS_EMBED_SWIFT_STANDARD_LIBRARIES = YES;
				BUNDLE_LOADER = "$(TEST_HOST)";
				CODE_SIGN_STYLE = Automatic;
				CURRENT_PROJECT_VERSION = 1;
				DEVELOPMENT_TEAM = 7S5KXF68WA;
				GENERATE_INFOPLIST_FILE = YES;
				IPHONEOS_DEPLOYMENT_TARGET = 17.2;
				MACOSX_DEPLOYMENT_TARGET = 14.1;
				MARKETING_VERSION = 1.0;
				PRODUCT_BUNDLE_IDENTIFIER = archi.ios.SwiftUILocationsTests;
				PRODUCT_NAME = "$(TARGET_NAME)";
				SDKROOT = auto;
				SUPPORTED_PLATFORMS = "iphoneos iphonesimulator macosx";
				SWIFT_EMIT_LOC_STRINGS = NO;
				SWIFT_VERSION = 5.0;
				TARGETED_DEVICE_FAMILY = "1,2";
				TEST_HOST = "$(BUILT_PRODUCTS_DIR)/SwiftUILocations.app/$(BUNDLE_EXECUTABLE_FOLDER_PATH)/SwiftUILocations";
			};
			name = Release;
		};
		3292E59F2B4EAC840057E16D /* Debug */ = {
			isa = XCBuildConfiguration;
			buildSettings = {
				ALWAYS_EMBED_SWIFT_STANDARD_LIBRARIES = YES;
				CODE_SIGN_STYLE = Automatic;
				CURRENT_PROJECT_VERSION = 1;
				DEVELOPMENT_TEAM = 7S5KXF68WA;
				GENERATE_INFOPLIST_FILE = YES;
				IPHONEOS_DEPLOYMENT_TARGET = 17.2;
				MACOSX_DEPLOYMENT_TARGET = 14.1;
				MARKETING_VERSION = 1.0;
				PRODUCT_BUNDLE_IDENTIFIER = archi.ios.SwiftUILocationsUITests;
				PRODUCT_NAME = "$(TARGET_NAME)";
				SDKROOT = auto;
				SUPPORTED_PLATFORMS = "iphoneos iphonesimulator macosx";
				SWIFT_EMIT_LOC_STRINGS = NO;
				SWIFT_VERSION = 5.0;
				TARGETED_DEVICE_FAMILY = "1,2";
				TEST_TARGET_NAME = SwiftUILocations;
			};
			name = Debug;
		};
		3292E5A02B4EAC840057E16D /* Release */ = {
			isa = XCBuildConfiguration;
			buildSettings = {
				ALWAYS_EMBED_SWIFT_STANDARD_LIBRARIES = YES;
				CODE_SIGN_STYLE = Automatic;
				CURRENT_PROJECT_VERSION = 1;
				DEVELOPMENT_TEAM = 7S5KXF68WA;
				GENERATE_INFOPLIST_FILE = YES;
				IPHONEOS_DEPLOYMENT_TARGET = 17.2;
				MACOSX_DEPLOYMENT_TARGET = 14.1;
				MARKETING_VERSION = 1.0;
				PRODUCT_BUNDLE_IDENTIFIER = archi.ios.SwiftUILocationsUITests;
				PRODUCT_NAME = "$(TARGET_NAME)";
				SDKROOT = auto;
				SUPPORTED_PLATFORMS = "iphoneos iphonesimulator macosx";
				SWIFT_EMIT_LOC_STRINGS = NO;
				SWIFT_VERSION = 5.0;
				TARGETED_DEVICE_FAMILY = "1,2";
				TEST_TARGET_NAME = SwiftUILocations;
			};
			name = Release;
		};
/* End XCBuildConfiguration section */

/* Begin XCConfigurationList section */
		3292E56E2B4EAC820057E16D /* Build configuration list for PBXProject "SwiftUILocations" */ = {
			isa = XCConfigurationList;
			buildConfigurations = (
				3292E5962B4EAC840057E16D /* Debug */,
				3292E5972B4EAC840057E16D /* Release */,
			);
			defaultConfigurationIsVisible = 0;
			defaultConfigurationName = Release;
		};
		3292E5982B4EAC840057E16D /* Build configuration list for PBXNativeTarget "SwiftUILocations" */ = {
			isa = XCConfigurationList;
			buildConfigurations = (
				3292E5992B4EAC840057E16D /* Debug */,
				3292E59A2B4EAC840057E16D /* Release */,
			);
			defaultConfigurationIsVisible = 0;
			defaultConfigurationName = Release;
		};
		3292E59B2B4EAC840057E16D /* Build configuration list for PBXNativeTarget "SwiftUILocationsTests" */ = {
			isa = XCConfigurationList;
			buildConfigurations = (
				3292E59C2B4EAC840057E16D /* Debug */,
				3292E59D2B4EAC840057E16D /* Release */,
			);
			defaultConfigurationIsVisible = 0;
			defaultConfigurationName = Release;
		};
		3292E59E2B4EAC840057E16D /* Build configuration list for PBXNativeTarget "SwiftUILocationsUITests" */ = {
			isa = XCConfigurationList;
			buildConfigurations = (
				3292E59F2B4EAC840057E16D /* Debug */,
				3292E5A02B4EAC840057E16D /* Release */,
			);
			defaultConfigurationIsVisible = 0;
			defaultConfigurationName = Release;
		};
/* End XCConfigurationList section */
	};
	rootObject = 3292E56B2B4EAC820057E16D /* Project object */;
}
